
Microsoft Visual Studio Solution File, Format Version 12.00
# Visual Studio Version 17
VisualStudioVersion = 17.14.36915.13 d17.14
MinimumVisualStudioVersion = 10.0.40219.1
Project("{FAE04EC0-301F-11D3-BF4B-00C04F79EFBC}") = "StudentInformationSystem", "StudentInformationSystem.csproj", "{FF94F3C4-796A-489C-862D-2022FC9A2301}"
EndProject
Global
	GlobalSection(SolutionConfigurationPlatforms) = preSolution
		Debug|Any CPU = Debug|Any CPU
		Release|Any CPU = Release|Any CPU
	EndGlobalSection
	GlobalSection(ProjectConfigurationPlatforms) = postSolution
		{FF94F3C4-796A-489C-862D-2022FC9A2301}.Debug|Any CPU.ActiveCfg = Debug|Any CPU
		{FF94F3C4-796A-489C-862D-2022FC9A2301}.Debug|Any CPU.Build.0 = Debug|Any CPU
		{FF94F3C4-796A-489C-862D-2022FC9A2301}.Release|Any CPU.ActiveCfg = Release|Any CPU
		{FF94F3C4-796A-489C-862D-2022FC9A2301}.Release|Any CPU.Build.0 = Release|Any CPU
	EndGlobalSection
	GlobalSection(SolutionProperties) = preSolution
		HideSolutionNode = FALSE
	EndGlobalSection
	GlobalSection(ExtensibilityGlobals) = postSolution
		SolutionGuid = {1DA173A4-0F28-4B56-BB3A-7D42D8D41991}
	EndGlobalSection
EndGlobal
